<?xml version="1.0" encoding="utf-8"?>
<Project ToolsVersion="4.0" xmlns="http://schemas.microsoft.com/developer/msbuild/2003">
  <ItemGroup>
    <Filter Include="Common">
      <UniqueIdentifier>{e38777a1-ae96-4116-8fff-2241ad9acae8}</UniqueIdentifier>
      <Extensions>cpp;c;cxx;rc;def;r;odl;idl;hpj;bat;h;hpp;hxx;hm;inl</Extensions>
    </Filter>
    <Filter Include="GFX">
      <UniqueIdentifier>{04797077-37b6-45d2-8694-3e559393447e}</UniqueIdentifier>
    </Filter>
    <Filter Include="Texture">
      <UniqueIdentifier>{ecefff76-a71a-45b5-9f20-7060e9089d88}</UniqueIdentifier>
    </Filter>
    <Filter Include="Geometry">
      <UniqueIdentifier>{cc644a2d-5f80-4f7e-bb77-7faf1495acd7}</UniqueIdentifier>
    </Filter>
    <Filter Include="Font">
      <UniqueIdentifier>{3c6a010c-6d69-437b-b092-88391191cbfb}</UniqueIdentifier>
    </Filter>
    <Filter Include="Resource">
      <UniqueIdentifier>{8e349ed2-8e95-4851-b540-97adf0658301}</UniqueIdentifier>
    </Filter>
    <Filter Include="Shader">
      <UniqueIdentifier>{37b1abe6-e478-4dfb-b6fa-ec6cb8c0cf87}</UniqueIdentifier>
    </Filter>
  </ItemGroup>
  <ItemGroup>
    <ClCompile Include="GlobalsLoader.cpp">
      <Filter>Common</Filter>
    </ClCompile>
    <ClCompile Include="StdAfx.cpp">
      <Filter>Common</Filter>
    </ClCompile>
    <ClCompile Include="GFXObjectFactory.cpp">
      <Filter>GFX</Filter>
    </ClCompile>
    <ClCompile Include="GraphicsEngine.cpp">
      <Filter>GFX</Filter>
    </ClCompile>
    <ClCompile Include="VideoCheck.cpp">
      <Filter>GFX</Filter>
    </ClCompile>
    <ClCompile Include="Texture.cpp">
      <Filter>Texture</Filter>
    </ClCompile>
    <ClCompile Include="TextureManager.cpp">
      <Filter>Texture</Filter>
    </ClCompile>
    <ClCompile Include="GeometryBuffer.cpp">
      <Filter>Geometry</Filter>
    </ClCompile>
    <ClCompile Include="GeometryManager.cpp">
      <Filter>Geometry</Filter>
    </ClCompile>
    <ClCompile Include="GeometryMesh.cpp">
      <Filter>Geometry</Filter>
    </ClCompile>
    <ClCompile Include="RangeAllocs.cpp">
      <Filter>Geometry</Filter>
    </ClCompile>
    <ClCompile Include="Clipping.cpp">
      <Filter>Font</Filter>
    </ClCompile>
    <ClCompile Include="Font.cpp">
      <Filter>Font</Filter>
    </ClCompile>
    <ClCompile Include="FontManager.cpp">
      <Filter>Font</Filter>
    </ClCompile>
    <ClCompile Include="GFXTextVisitors.cpp">
      <Filter>Font</Filter>
    </ClCompile>
    <ClCompile Include="Text.cpp">
      <Filter>Font</Filter>
    </ClCompile>
    <ClCompile Include="Shader.cpp">
      <Filter>Shader</Filter>
    </ClCompile>
  </ItemGroup>
  <ItemGroup>
    <ClInclude Include="Specific.h">
      <Filter>Common</Filter>
    </ClInclude>
    <ClInclude Include="StdAfx.h">
      <Filter>Common</Filter>
    </ClInclude>
    <ClInclude Include="stl_user_config.h">
      <Filter>Common</Filter>
    </ClInclude>
    <ClInclude Include="CommonStructs.h">
      <Filter>GFX</Filter>
    </ClInclude>
    <ClInclude Include="GFX.H">
      <Filter>GFX</Filter>
    </ClInclude>
    <ClInclude Include="GFXHelper.h">
      <Filter>GFX</Filter>
    </ClInclude>
    <ClInclude Include="GFXObjectFactory.h">
      <Filter>GFX</Filter>
    </ClInclude>
    <ClInclude Include="GFXTypes.h">
      <Filter>GFX</Filter>
    </ClInclude>
    <ClInclude Include="GraphicsEngine.h">
      <Filter>GFX</Filter>
    </ClInclude>
    <ClInclude Include="VideoCheck.h">
      <Filter>GFX</Filter>
    </ClInclude>
    <ClInclude Include="Texture.h">
      <Filter>Texture</Filter>
    </ClInclude>
    <ClInclude Include="TextureManager.h">
      <Filter>Texture</Filter>
    </ClInclude>
    <ClInclude Include="GeometryBuffer.h">
      <Filter>Geometry</Filter>
    </ClInclude>
    <ClInclude Include="GeometryManager.h">
      <Filter>Geometry</Filter>
    </ClInclude>
    <ClInclude Include="GeometryMesh.h">
      <Filter>Geometry</Filter>
    </ClInclude>
    <ClInclude Include="RangeAllocs.h">
      <Filter>Geometry</Filter>
    </ClInclude>
    <ClInclude Include="Clipping.h">
      <Filter>Font</Filter>
    </ClInclude>
    <ClInclude Include="Font.h">
      <Filter>Font</Filter>
    </ClInclude>
    <ClInclude Include="FontManager.h">
      <Filter>Font</Filter>
    </ClInclude>
    <ClInclude Include="GFXTextVisitors.h">
      <Filter>Font</Filter>
    </ClInclude>
    <ClInclude Include="Text.h">
      <Filter>Font</Filter>
    </ClInclude>
    <ClInclude Include="resource.h">
      <Filter>Resource</Filter>
    </ClInclude>
    <ClInclude Include="Shader.h">
      <Filter>Shader</Filter>
    </ClInclude>
  </ItemGroup>
  <ItemGroup>
    <ResourceCompile Include="GFX.rc">
      <Filter>Resource</Filter>
    </ResourceCompile>
  </ItemGroup>
  <ItemGroup>
    <CustomBuild Include="GFX.def">
      <Filter>Common</Filter>
    </CustomBuild>
  </ItemGroup>
</Project>