
Microsoft Visual Studio Solution File, Format Version 12.00
# Visual Studio Version 16
VisualStudioVersion = 16.0.36227.6
MinimumVisualStudioVersion = 10.0.40219.1
Project("{8BC9CEB8-8B4A-11D0-8D11-00A0C91BC942}") = "A7ExportModel", "a7exportmodel\A7ExportModel.vcxproj", "{9E44B48A-2FDC-4895-815D-0FBFB9348C50}"
EndProject
Project("{8BC9CEB8-8B4A-11D0-8D11-00A0C91BC942}") = "AILogic", "AILogic\AILogic.vcxproj", "{590BAE45-DF7C-4DFE-9F28-E378758A0CE9}"
EndProject
Project("{8BC9CEB8-8B4A-11D0-8D11-00A0C91BC942}") = "Anim", "Anim\Anim.vcxproj", "{FDFE5022-C047-4DFC-AB06-6219E88540DC}"
EndProject
Project("{8BC9CEB8-8B4A-11D0-8D11-00A0C91BC942}") = "AutoRun", "AutoRun\AutoRun.vcxproj", "{DCAFF707-50E2-4979-B417-AE57F0E356A0}"
EndProject
Project("{8BC9CEB8-8B4A-11D0-8D11-00A0C91BC942}") = "BZMConvertor", "BZMConvertor\BZMConvertor.vcxproj", "{A34059D4-79FE-4795-8254-CE4B9B3062DD}"
EndProject
Project("{8BC9CEB8-8B4A-11D0-8D11-00A0C91BC942}") = "BetaKeyGen", "BetaKeyGen\BetaKeyGen.vcxproj", "{301A7045-09C5-473E-9F74-0239E73C99BE}"
EndProject
Project("{8BC9CEB8-8B4A-11D0-8D11-00A0C91BC942}") = "BugSlay", "BugSlay\BugSlay.vcxproj", "{D034C73E-7565-4139-A2A0-FD97B81A9A4A}"
EndProject
Project("{8BC9CEB8-8B4A-11D0-8D11-00A0C91BC942}") = "BuildVersion", "buildversion\BuildVersion.vcxproj", "{74DC640B-9569-4902-A40F-998D61D34C32}"
EndProject
Project("{8BC9CEB8-8B4A-11D0-8D11-00A0C91BC942}") = "Common", "Common\Common.vcxproj", "{CDA44ACE-C3DA-49AE-8C25-B771B2C40EC0}"
EndProject
Project("{8BC9CEB8-8B4A-11D0-8D11-00A0C91BC942}") = "ELK", "ELK\ELK.vcxproj", "{135DAF4D-A440-4B03-BBE0-1B9E42EB42D7}"
EndProject
Project("{8BC9CEB8-8B4A-11D0-8D11-00A0C91BC942}") = "ExcelExporter", "ExcelExporter\ExcelExporter.vcxproj", "{71EA6266-1CBC-4EE9-ADA7-3091B38C8CA6}"
EndProject
Project("{8BC9CEB8-8B4A-11D0-8D11-00A0C91BC942}") = "FontGen", "FontGen\FontGen.vcxproj", "{2F6604D1-7752-43A9-93BA-4B8CC3D5CFC3}"
EndProject
Project("{8BC9CEB8-8B4A-11D0-8D11-00A0C91BC942}") = "Formats", "Formats\Formats.vcxproj", "{355B71A7-8B5E-413D-ABD8-F0C57A7FAAB5}"
EndProject
Project("{8BC9CEB8-8B4A-11D0-8D11-00A0C91BC942}") = "GFX", "GFX\GFX.vcxproj", "{131D326E-EA83-4CAA-B33D-EE67A458FC38}"
EndProject
Project("{8BC9CEB8-8B4A-11D0-8D11-00A0C91BC942}") = "Game", "Game\Game.vcxproj", "{2AB154E2-1BB7-41E2-8F37-0AE351515A97}"
EndProject
Project("{8BC9CEB8-8B4A-11D0-8D11-00A0C91BC942}") = "GameSpy", "GameSpy\GameSpy.vcxproj", "{07EF189B-93B0-4D5F-9ED2-C25509E0ADA8}"
EndProject
Project("{8BC9CEB8-8B4A-11D0-8D11-00A0C91BC942}") = "GameTT", "GameTT\GameTT.vcxproj", "{5C63C1B4-C8E5-4763-8E86-FFF1A9E755CA}"
EndProject
Project("{8BC9CEB8-8B4A-11D0-8D11-00A0C91BC942}") = "Image", "Image\Image.vcxproj", "{E1CD1BE1-0AE2-4F06-83AB-31D604F652CE}"
EndProject
Project("{8BC9CEB8-8B4A-11D0-8D11-00A0C91BC942}") = "ImageDefrag", "imagedefrag\ImageDefrag.vcxproj", "{9F2448EE-8A34-4616-9EFD-2CDE22F4136E}"
EndProject
Project("{8BC9CEB8-8B4A-11D0-8D11-00A0C91BC942}") = "Input", "Input\Input.vcxproj", "{1F98A211-FA00-4223-AEC0-B857C3C0A20D}"
EndProject
Project("{8BC9CEB8-8B4A-11D0-8D11-00A0C91BC942}") = "InterfaceSystemTest", "InterfaceSystemTest\InterfaceSystemTest.vcxproj", "{25BE6A78-14F8-4EAB-A4B3-C5EF5CF27EB4}"
EndProject
Project("{8BC9CEB8-8B4A-11D0-8D11-00A0C91BC942}") = "LuaLib", "LuaLib\LuaLib.vcxproj", "{D90B8624-310F-408A-9314-B7FCE1FF8BC1}"
EndProject
Project("{8BC9CEB8-8B4A-11D0-8D11-00A0C91BC942}") = "Main", "Main\Main.vcxproj", "{694383B0-B439-410D-8EF6-33A68BE48BE0}"
EndProject
Project("{8BC9CEB8-8B4A-11D0-8D11-00A0C91BC942}") = "MapEditor", "MapEditor\MapEditor.vcxproj", "{8A1C685A-63B8-4DE5-A40A-0E593CDE6803}"
EndProject
Project("{8BC9CEB8-8B4A-11D0-8D11-00A0C91BC942}") = "Misc", "Misc\Misc.vcxproj", "{9D515202-B1A9-434B-803C-DA39F6A54EC4}"
EndProject
Project("{8BC9CEB8-8B4A-11D0-8D11-00A0C91BC942}") = "Net", "Net\Net.vcxproj", "{6F016230-2433-4BE3-978F-503C02DAB2DE}"
EndProject
Project("{8BC9CEB8-8B4A-11D0-8D11-00A0C91BC942}") = "PlanePathTest", "PlanePathTest\PlanePathTest.vcxproj", "{8A92E61A-FB3C-4CEA-8347-FC42BE552920}"
EndProject
Project("{8BC9CEB8-8B4A-11D0-8D11-00A0C91BC942}") = "RandomMapGen", "RandomMapGen\RandomMapGen.vcxproj", "{5EDE0822-E0B5-488C-93A0-967870B24B42}"
EndProject
Project("{8BC9CEB8-8B4A-11D0-8D11-00A0C91BC942}") = "SFX", "SFX\SFX.vcxproj", "{CAB31E32-D43E-4A0C-9EA1-4E13FE3E105B}"
EndProject
Project("{8BC9CEB8-8B4A-11D0-8D11-00A0C91BC942}") = "Scene", "Scene\Scene.vcxproj", "{1117FABF-A2D6-4D58-B9B2-47631629D8A4}"
EndProject
Project("{8BC9CEB8-8B4A-11D0-8D11-00A0C91BC942}") = "SoundVerifycation", "SoundVerifycation\SoundVerifycation.vcxproj", "{C19DC0A8-B4F3-48AC-9B58-E8D199F88C75}"
EndProject
Project("{8BC9CEB8-8B4A-11D0-8D11-00A0C91BC942}") = "StreamIO", "StreamIO\StreamIO.vcxproj", "{6BA635EC-36BC-4D5D-8995-78AC0A0E9684}"
EndProject
Project("{8BC9CEB8-8B4A-11D0-8D11-00A0C91BC942}") = "StreamIOLib", "StreamIOLib\StreamIOLib.vcxproj", "{81EC2031-4F4E-4247-B9E7-4A8CE645D500}"
EndProject
Project("{8BC9CEB8-8B4A-11D0-8D11-00A0C91BC942}") = "UI", "UI\UI.vcxproj", "{FC094CB3-9FED-444C-9E08-E66FF6948A4C}"
EndProject
Project("{8BC9CEB8-8B4A-11D0-8D11-00A0C91BC942}") = "editor", "editor\editor.vcxproj", "{CBC7C00E-5D75-47B8-991E-3A3620BF2076}"
EndProject
Project("{8BC9CEB8-8B4A-11D0-8D11-00A0C91BC942}") = "libpng", "libpng\libpng.vcxproj", "{0BA6F5E4-8C31-4C35-AC20-8B1E9DD92CAD}"
EndProject
Project("{8BC9CEB8-8B4A-11D0-8D11-00A0C91BC942}") = "scl", "scl\scl.vcxproj", "{845D8E31-92BB-4D33-B2DF-DEBEFD3FD7FD}"
EndProject
Project("{8BC9CEB8-8B4A-11D0-8D11-00A0C91BC942}") = "zlib", "zlib\zlib.vcxproj", "{9BFB8B73-7063-44E5-A55B-40B34767E84D}"
EndProject
Global
	GlobalSection(SolutionConfigurationPlatforms) = preSolution
		BetaRelease|x86 = BetaRelease|x86
		Debug|x86 = Debug|x86
		FastDebug|x86 = FastDebug|x86
		Profiler|x86 = Profiler|x86
		Release|x86 = Release|x86
		ReleaseDebug|x86 = ReleaseDebug|x86
		ReleaseDll|x86 = ReleaseDll|x86
		Template|x86 = Template|x86
	EndGlobalSection
	GlobalSection(ProjectConfigurationPlatforms) = postSolution
		{9E44B48A-2FDC-4895-815D-0FBFB9348C50}.BetaRelease|x86.ActiveCfg = Release|Win32
		{9E44B48A-2FDC-4895-815D-0FBFB9348C50}.BetaRelease|x86.Build.0 = Release|Win32
		{9E44B48A-2FDC-4895-815D-0FBFB9348C50}.Debug|x86.ActiveCfg = Debug|Win32
		{9E44B48A-2FDC-4895-815D-0FBFB9348C50}.Debug|x86.Build.0 = Debug|Win32
		{9E44B48A-2FDC-4895-815D-0FBFB9348C50}.FastDebug|x86.ActiveCfg = Debug|Win32
		{9E44B48A-2FDC-4895-815D-0FBFB9348C50}.FastDebug|x86.Build.0 = Debug|Win32
		{9E44B48A-2FDC-4895-815D-0FBFB9348C50}.Profiler|x86.ActiveCfg = Debug|Win32
		{9E44B48A-2FDC-4895-815D-0FBFB9348C50}.Profiler|x86.Build.0 = Debug|Win32
		{9E44B48A-2FDC-4895-815D-0FBFB9348C50}.Release|x86.ActiveCfg = Release|Win32
		{9E44B48A-2FDC-4895-815D-0FBFB9348C50}.Release|x86.Build.0 = Release|Win32
		{9E44B48A-2FDC-4895-815D-0FBFB9348C50}.ReleaseDebug|x86.ActiveCfg = Release|Win32
		{9E44B48A-2FDC-4895-815D-0FBFB9348C50}.ReleaseDebug|x86.Build.0 = Release|Win32
		{9E44B48A-2FDC-4895-815D-0FBFB9348C50}.ReleaseDll|x86.ActiveCfg = Release|Win32
		{9E44B48A-2FDC-4895-815D-0FBFB9348C50}.ReleaseDll|x86.Build.0 = Release|Win32
		{9E44B48A-2FDC-4895-815D-0FBFB9348C50}.Template|x86.ActiveCfg = Debug|Win32
		{9E44B48A-2FDC-4895-815D-0FBFB9348C50}.Template|x86.Build.0 = Debug|Win32
		{590BAE45-DF7C-4DFE-9F28-E378758A0CE9}.BetaRelease|x86.ActiveCfg = BetaRelease|Win32
		{590BAE45-DF7C-4DFE-9F28-E378758A0CE9}.BetaRelease|x86.Build.0 = BetaRelease|Win32
		{590BAE45-DF7C-4DFE-9F28-E378758A0CE9}.Debug|x86.ActiveCfg = Debug|Win32
		{590BAE45-DF7C-4DFE-9F28-E378758A0CE9}.Debug|x86.Build.0 = Debug|Win32
		{590BAE45-DF7C-4DFE-9F28-E378758A0CE9}.FastDebug|x86.ActiveCfg = FastDebug|Win32
		{590BAE45-DF7C-4DFE-9F28-E378758A0CE9}.FastDebug|x86.Build.0 = FastDebug|Win32
		{590BAE45-DF7C-4DFE-9F28-E378758A0CE9}.Profiler|x86.ActiveCfg = Profiler|Win32
		{590BAE45-DF7C-4DFE-9F28-E378758A0CE9}.Profiler|x86.Build.0 = Profiler|Win32
		{590BAE45-DF7C-4DFE-9F28-E378758A0CE9}.Release|x86.ActiveCfg = Release|Win32
		{590BAE45-DF7C-4DFE-9F28-E378758A0CE9}.Release|x86.Build.0 = Release|Win32
		{590BAE45-DF7C-4DFE-9F28-E378758A0CE9}.ReleaseDebug|x86.ActiveCfg = Release|Win32
		{590BAE45-DF7C-4DFE-9F28-E378758A0CE9}.ReleaseDebug|x86.Build.0 = Release|Win32
		{590BAE45-DF7C-4DFE-9F28-E378758A0CE9}.ReleaseDll|x86.ActiveCfg = Release|Win32
		{590BAE45-DF7C-4DFE-9F28-E378758A0CE9}.ReleaseDll|x86.Build.0 = Release|Win32
		{590BAE45-DF7C-4DFE-9F28-E378758A0CE9}.Template|x86.ActiveCfg = Template|Win32
		{590BAE45-DF7C-4DFE-9F28-E378758A0CE9}.Template|x86.Build.0 = Template|Win32
		{FDFE5022-C047-4DFC-AB06-6219E88540DC}.BetaRelease|x86.ActiveCfg = BetaRelease|Win32
		{FDFE5022-C047-4DFC-AB06-6219E88540DC}.BetaRelease|x86.Build.0 = BetaRelease|Win32
		{FDFE5022-C047-4DFC-AB06-6219E88540DC}.Debug|x86.ActiveCfg = Debug|Win32
		{FDFE5022-C047-4DFC-AB06-6219E88540DC}.Debug|x86.Build.0 = Debug|Win32
		{FDFE5022-C047-4DFC-AB06-6219E88540DC}.FastDebug|x86.ActiveCfg = FastDebug|Win32
		{FDFE5022-C047-4DFC-AB06-6219E88540DC}.FastDebug|x86.Build.0 = FastDebug|Win32
		{FDFE5022-C047-4DFC-AB06-6219E88540DC}.Profiler|x86.ActiveCfg = Profiler|Win32
		{FDFE5022-C047-4DFC-AB06-6219E88540DC}.Profiler|x86.Build.0 = Profiler|Win32
		{FDFE5022-C047-4DFC-AB06-6219E88540DC}.Release|x86.ActiveCfg = Release|Win32
		{FDFE5022-C047-4DFC-AB06-6219E88540DC}.Release|x86.Build.0 = Release|Win32
		{FDFE5022-C047-4DFC-AB06-6219E88540DC}.ReleaseDebug|x86.ActiveCfg = Release|Win32
		{FDFE5022-C047-4DFC-AB06-6219E88540DC}.ReleaseDebug|x86.Build.0 = Release|Win32
		{FDFE5022-C047-4DFC-AB06-6219E88540DC}.ReleaseDll|x86.ActiveCfg = Release|Win32
		{FDFE5022-C047-4DFC-AB06-6219E88540DC}.ReleaseDll|x86.Build.0 = Release|Win32
		{FDFE5022-C047-4DFC-AB06-6219E88540DC}.Template|x86.ActiveCfg = Template|Win32
		{FDFE5022-C047-4DFC-AB06-6219E88540DC}.Template|x86.Build.0 = Template|Win32
		{DCAFF707-50E2-4979-B417-AE57F0E356A0}.BetaRelease|x86.ActiveCfg = Release|Win32
		{DCAFF707-50E2-4979-B417-AE57F0E356A0}.BetaRelease|x86.Build.0 = Release|Win32
		{DCAFF707-50E2-4979-B417-AE57F0E356A0}.Debug|x86.ActiveCfg = Debug|Win32
		{DCAFF707-50E2-4979-B417-AE57F0E356A0}.Debug|x86.Build.0 = Debug|Win32
		{DCAFF707-50E2-4979-B417-AE57F0E356A0}.FastDebug|x86.ActiveCfg = Debug|Win32
		{DCAFF707-50E2-4979-B417-AE57F0E356A0}.FastDebug|x86.Build.0 = Debug|Win32
		{DCAFF707-50E2-4979-B417-AE57F0E356A0}.Profiler|x86.ActiveCfg = Debug|Win32
		{DCAFF707-50E2-4979-B417-AE57F0E356A0}.Profiler|x86.Build.0 = Debug|Win32
		{DCAFF707-50E2-4979-B417-AE57F0E356A0}.Release|x86.ActiveCfg = Release|Win32
		{DCAFF707-50E2-4979-B417-AE57F0E356A0}.Release|x86.Build.0 = Release|Win32
		{DCAFF707-50E2-4979-B417-AE57F0E356A0}.ReleaseDebug|x86.ActiveCfg = Release|Win32
		{DCAFF707-50E2-4979-B417-AE57F0E356A0}.ReleaseDebug|x86.Build.0 = Release|Win32
		{DCAFF707-50E2-4979-B417-AE57F0E356A0}.ReleaseDll|x86.ActiveCfg = Release|Win32
		{DCAFF707-50E2-4979-B417-AE57F0E356A0}.ReleaseDll|x86.Build.0 = Release|Win32
		{DCAFF707-50E2-4979-B417-AE57F0E356A0}.Template|x86.ActiveCfg = Template|Win32
		{DCAFF707-50E2-4979-B417-AE57F0E356A0}.Template|x86.Build.0 = Template|Win32
		{A34059D4-79FE-4795-8254-CE4B9B3062DD}.BetaRelease|x86.ActiveCfg = BetaRelease|Win32
		{A34059D4-79FE-4795-8254-CE4B9B3062DD}.BetaRelease|x86.Build.0 = BetaRelease|Win32
		{A34059D4-79FE-4795-8254-CE4B9B3062DD}.Debug|x86.ActiveCfg = Debug|Win32
		{A34059D4-79FE-4795-8254-CE4B9B3062DD}.Debug|x86.Build.0 = Debug|Win32
		{A34059D4-79FE-4795-8254-CE4B9B3062DD}.FastDebug|x86.ActiveCfg = FastDebug|Win32
		{A34059D4-79FE-4795-8254-CE4B9B3062DD}.FastDebug|x86.Build.0 = FastDebug|Win32
		{A34059D4-79FE-4795-8254-CE4B9B3062DD}.Profiler|x86.ActiveCfg = Debug|Win32
		{A34059D4-79FE-4795-8254-CE4B9B3062DD}.Profiler|x86.Build.0 = Debug|Win32
		{A34059D4-79FE-4795-8254-CE4B9B3062DD}.Release|x86.ActiveCfg = Release|Win32
		{A34059D4-79FE-4795-8254-CE4B9B3062DD}.Release|x86.Build.0 = Release|Win32
		{A34059D4-79FE-4795-8254-CE4B9B3062DD}.ReleaseDebug|x86.ActiveCfg = Release|Win32
		{A34059D4-79FE-4795-8254-CE4B9B3062DD}.ReleaseDebug|x86.Build.0 = Release|Win32
		{A34059D4-79FE-4795-8254-CE4B9B3062DD}.ReleaseDll|x86.ActiveCfg = Release|Win32
		{A34059D4-79FE-4795-8254-CE4B9B3062DD}.ReleaseDll|x86.Build.0 = Release|Win32
		{A34059D4-79FE-4795-8254-CE4B9B3062DD}.Template|x86.ActiveCfg = Template|Win32
		{A34059D4-79FE-4795-8254-CE4B9B3062DD}.Template|x86.Build.0 = Template|Win32
		{301A7045-09C5-473E-9F74-0239E73C99BE}.BetaRelease|x86.ActiveCfg = Release|Win32
		{301A7045-09C5-473E-9F74-0239E73C99BE}.BetaRelease|x86.Build.0 = Release|Win32
		{301A7045-09C5-473E-9F74-0239E73C99BE}.Debug|x86.ActiveCfg = Debug|Win32
		{301A7045-09C5-473E-9F74-0239E73C99BE}.Debug|x86.Build.0 = Debug|Win32
		{301A7045-09C5-473E-9F74-0239E73C99BE}.FastDebug|x86.ActiveCfg = Debug|Win32
		{301A7045-09C5-473E-9F74-0239E73C99BE}.FastDebug|x86.Build.0 = Debug|Win32
		{301A7045-09C5-473E-9F74-0239E73C99BE}.Profiler|x86.ActiveCfg = Debug|Win32
		{301A7045-09C5-473E-9F74-0239E73C99BE}.Profiler|x86.Build.0 = Debug|Win32
		{301A7045-09C5-473E-9F74-0239E73C99BE}.Release|x86.ActiveCfg = Release|Win32
		{301A7045-09C5-473E-9F74-0239E73C99BE}.Release|x86.Build.0 = Release|Win32
		{301A7045-09C5-473E-9F74-0239E73C99BE}.ReleaseDebug|x86.ActiveCfg = Release|Win32
		{301A7045-09C5-473E-9F74-0239E73C99BE}.ReleaseDebug|x86.Build.0 = Release|Win32
		{301A7045-09C5-473E-9F74-0239E73C99BE}.ReleaseDll|x86.ActiveCfg = Release|Win32
		{301A7045-09C5-473E-9F74-0239E73C99BE}.ReleaseDll|x86.Build.0 = Release|Win32
		{301A7045-09C5-473E-9F74-0239E73C99BE}.Template|x86.ActiveCfg = Template|Win32
		{301A7045-09C5-473E-9F74-0239E73C99BE}.Template|x86.Build.0 = Template|Win32
		{D034C73E-7565-4139-A2A0-FD97B81A9A4A}.BetaRelease|x86.ActiveCfg = BetaRelease|Win32
		{D034C73E-7565-4139-A2A0-FD97B81A9A4A}.BetaRelease|x86.Build.0 = BetaRelease|Win32
		{D034C73E-7565-4139-A2A0-FD97B81A9A4A}.Debug|x86.ActiveCfg = Debug|Win32
		{D034C73E-7565-4139-A2A0-FD97B81A9A4A}.Debug|x86.Build.0 = Debug|Win32
		{D034C73E-7565-4139-A2A0-FD97B81A9A4A}.FastDebug|x86.ActiveCfg = FastDebug|Win32
		{D034C73E-7565-4139-A2A0-FD97B81A9A4A}.FastDebug|x86.Build.0 = FastDebug|Win32
		{D034C73E-7565-4139-A2A0-FD97B81A9A4A}.Profiler|x86.ActiveCfg = Profiler|Win32
		{D034C73E-7565-4139-A2A0-FD97B81A9A4A}.Profiler|x86.Build.0 = Profiler|Win32
		{D034C73E-7565-4139-A2A0-FD97B81A9A4A}.Release|x86.ActiveCfg = Release|Win32
		{D034C73E-7565-4139-A2A0-FD97B81A9A4A}.Release|x86.Build.0 = Release|Win32
		{D034C73E-7565-4139-A2A0-FD97B81A9A4A}.ReleaseDebug|x86.ActiveCfg = Release|Win32
		{D034C73E-7565-4139-A2A0-FD97B81A9A4A}.ReleaseDebug|x86.Build.0 = Release|Win32
		{D034C73E-7565-4139-A2A0-FD97B81A9A4A}.ReleaseDll|x86.ActiveCfg = Release|Win32
		{D034C73E-7565-4139-A2A0-FD97B81A9A4A}.ReleaseDll|x86.Build.0 = Release|Win32
		{D034C73E-7565-4139-A2A0-FD97B81A9A4A}.Template|x86.ActiveCfg = Template|Win32
		{D034C73E-7565-4139-A2A0-FD97B81A9A4A}.Template|x86.Build.0 = Template|Win32
		{74DC640B-9569-4902-A40F-998D61D34C32}.BetaRelease|x86.ActiveCfg = Release|Win32
		{74DC640B-9569-4902-A40F-998D61D34C32}.BetaRelease|x86.Build.0 = Release|Win32
		{74DC640B-9569-4902-A40F-998D61D34C32}.Debug|x86.ActiveCfg = Debug|Win32
		{74DC640B-9569-4902-A40F-998D61D34C32}.Debug|x86.Build.0 = Debug|Win32
		{74DC640B-9569-4902-A40F-998D61D34C32}.FastDebug|x86.ActiveCfg = Debug|Win32
		{74DC640B-9569-4902-A40F-998D61D34C32}.FastDebug|x86.Build.0 = Debug|Win32
		{74DC640B-9569-4902-A40F-998D61D34C32}.Profiler|x86.ActiveCfg = Debug|Win32
		{74DC640B-9569-4902-A40F-998D61D34C32}.Profiler|x86.Build.0 = Debug|Win32
		{74DC640B-9569-4902-A40F-998D61D34C32}.Release|x86.ActiveCfg = Release|Win32
		{74DC640B-9569-4902-A40F-998D61D34C32}.Release|x86.Build.0 = Release|Win32
		{74DC640B-9569-4902-A40F-998D61D34C32}.ReleaseDebug|x86.ActiveCfg = Release|Win32
		{74DC640B-9569-4902-A40F-998D61D34C32}.ReleaseDebug|x86.Build.0 = Release|Win32
		{74DC640B-9569-4902-A40F-998D61D34C32}.ReleaseDll|x86.ActiveCfg = Release|Win32
		{74DC640B-9569-4902-A40F-998D61D34C32}.ReleaseDll|x86.Build.0 = Release|Win32
		{74DC640B-9569-4902-A40F-998D61D34C32}.Template|x86.ActiveCfg = Template|Win32
		{74DC640B-9569-4902-A40F-998D61D34C32}.Template|x86.Build.0 = Template|Win32
		{CDA44ACE-C3DA-49AE-8C25-B771B2C40EC0}.BetaRelease|x86.ActiveCfg = BetaRelease|Win32
		{CDA44ACE-C3DA-49AE-8C25-B771B2C40EC0}.BetaRelease|x86.Build.0 = BetaRelease|Win32
		{CDA44ACE-C3DA-49AE-8C25-B771B2C40EC0}.Debug|x86.ActiveCfg = Debug|Win32
		{CDA44ACE-C3DA-49AE-8C25-B771B2C40EC0}.Debug|x86.Build.0 = Debug|Win32
		{CDA44ACE-C3DA-49AE-8C25-B771B2C40EC0}.FastDebug|x86.ActiveCfg = FastDebug|Win32
		{CDA44ACE-C3DA-49AE-8C25-B771B2C40EC0}.FastDebug|x86.Build.0 = FastDebug|Win32
		{CDA44ACE-C3DA-49AE-8C25-B771B2C40EC0}.Profiler|x86.ActiveCfg = Profiler|Win32
		{CDA44ACE-C3DA-49AE-8C25-B771B2C40EC0}.Profiler|x86.Build.0 = Profiler|Win32
		{CDA44ACE-C3DA-49AE-8C25-B771B2C40EC0}.Release|x86.ActiveCfg = Release|Win32
		{CDA44ACE-C3DA-49AE-8C25-B771B2C40EC0}.Release|x86.Build.0 = Release|Win32
		{CDA44ACE-C3DA-49AE-8C25-B771B2C40EC0}.ReleaseDebug|x86.ActiveCfg = Release|Win32
		{CDA44ACE-C3DA-49AE-8C25-B771B2C40EC0}.ReleaseDebug|x86.Build.0 = Release|Win32
		{CDA44ACE-C3DA-49AE-8C25-B771B2C40EC0}.ReleaseDll|x86.ActiveCfg = Release|Win32
		{CDA44ACE-C3DA-49AE-8C25-B771B2C40EC0}.ReleaseDll|x86.Build.0 = Release|Win32
		{CDA44ACE-C3DA-49AE-8C25-B771B2C40EC0}.Template|x86.ActiveCfg = Template|Win32
		{CDA44ACE-C3DA-49AE-8C25-B771B2C40EC0}.Template|x86.Build.0 = Template|Win32
		{135DAF4D-A440-4B03-BBE0-1B9E42EB42D7}.BetaRelease|x86.ActiveCfg = BetaRelease|Win32
		{135DAF4D-A440-4B03-BBE0-1B9E42EB42D7}.BetaRelease|x86.Build.0 = BetaRelease|Win32
		{135DAF4D-A440-4B03-BBE0-1B9E42EB42D7}.Debug|x86.ActiveCfg = Debug|Win32
		{135DAF4D-A440-4B03-BBE0-1B9E42EB42D7}.Debug|x86.Build.0 = Debug|Win32
		{135DAF4D-A440-4B03-BBE0-1B9E42EB42D7}.FastDebug|x86.ActiveCfg = FastDebug|Win32
		{135DAF4D-A440-4B03-BBE0-1B9E42EB42D7}.FastDebug|x86.Build.0 = FastDebug|Win32
		{135DAF4D-A440-4B03-BBE0-1B9E42EB42D7}.Profiler|x86.ActiveCfg = Debug|Win32
		{135DAF4D-A440-4B03-BBE0-1B9E42EB42D7}.Profiler|x86.Build.0 = Debug|Win32
		{135DAF4D-A440-4B03-BBE0-1B9E42EB42D7}.Release|x86.ActiveCfg = Release|Win32
		{135DAF4D-A440-4B03-BBE0-1B9E42EB42D7}.Release|x86.Build.0 = Release|Win32
		{135DAF4D-A440-4B03-BBE0-1B9E42EB42D7}.ReleaseDebug|x86.ActiveCfg = Release|Win32
		{135DAF4D-A440-4B03-BBE0-1B9E42EB42D7}.ReleaseDebug|x86.Build.0 = Release|Win32
		{135DAF4D-A440-4B03-BBE0-1B9E42EB42D7}.ReleaseDll|x86.ActiveCfg = Release|Win32
		{135DAF4D-A440-4B03-BBE0-1B9E42EB42D7}.ReleaseDll|x86.Build.0 = Release|Win32
		{135DAF4D-A440-4B03-BBE0-1B9E42EB42D7}.Template|x86.ActiveCfg = Template|Win32
		{135DAF4D-A440-4B03-BBE0-1B9E42EB42D7}.Template|x86.Build.0 = Template|Win32
		{71EA6266-1CBC-4EE9-ADA7-3091B38C8CA6}.BetaRelease|x86.ActiveCfg = BetaRelease|Win32
		{71EA6266-1CBC-4EE9-ADA7-3091B38C8CA6}.BetaRelease|x86.Build.0 = BetaRelease|Win32
		{71EA6266-1CBC-4EE9-ADA7-3091B38C8CA6}.Debug|x86.ActiveCfg = Debug|Win32
		{71EA6266-1CBC-4EE9-ADA7-3091B38C8CA6}.Debug|x86.Build.0 = Debug|Win32
		{71EA6266-1CBC-4EE9-ADA7-3091B38C8CA6}.FastDebug|x86.ActiveCfg = FastDebug|Win32
		{71EA6266-1CBC-4EE9-ADA7-3091B38C8CA6}.FastDebug|x86.Build.0 = FastDebug|Win32
		{71EA6266-1CBC-4EE9-ADA7-3091B38C8CA6}.Profiler|x86.ActiveCfg = Debug|Win32
		{71EA6266-1CBC-4EE9-ADA7-3091B38C8CA6}.Profiler|x86.Build.0 = Debug|Win32
		{71EA6266-1CBC-4EE9-ADA7-3091B38C8CA6}.Release|x86.ActiveCfg = Release|Win32
		{71EA6266-1CBC-4EE9-ADA7-3091B38C8CA6}.Release|x86.Build.0 = Release|Win32
		{71EA6266-1CBC-4EE9-ADA7-3091B38C8CA6}.ReleaseDebug|x86.ActiveCfg = Release|Win32
		{71EA6266-1CBC-4EE9-ADA7-3091B38C8CA6}.ReleaseDebug|x86.Build.0 = Release|Win32
		{71EA6266-1CBC-4EE9-ADA7-3091B38C8CA6}.ReleaseDll|x86.ActiveCfg = Release|Win32
		{71EA6266-1CBC-4EE9-ADA7-3091B38C8CA6}.ReleaseDll|x86.Build.0 = Release|Win32
		{71EA6266-1CBC-4EE9-ADA7-3091B38C8CA6}.Template|x86.ActiveCfg = Template|Win32
		{71EA6266-1CBC-4EE9-ADA7-3091B38C8CA6}.Template|x86.Build.0 = Template|Win32
		{2F6604D1-7752-43A9-93BA-4B8CC3D5CFC3}.BetaRelease|x86.ActiveCfg = BetaRelease|Win32
		{2F6604D1-7752-43A9-93BA-4B8CC3D5CFC3}.BetaRelease|x86.Build.0 = BetaRelease|Win32
		{2F6604D1-7752-43A9-93BA-4B8CC3D5CFC3}.Debug|x86.ActiveCfg = Debug|Win32
		{2F6604D1-7752-43A9-93BA-4B8CC3D5CFC3}.Debug|x86.Build.0 = Debug|Win32
		{2F6604D1-7752-43A9-93BA-4B8CC3D5CFC3}.FastDebug|x86.ActiveCfg = FastDebug|Win32
		{2F6604D1-7752-43A9-93BA-4B8CC3D5CFC3}.FastDebug|x86.Build.0 = FastDebug|Win32
		{2F6604D1-7752-43A9-93BA-4B8CC3D5CFC3}.Profiler|x86.ActiveCfg = Debug|Win32
		{2F6604D1-7752-43A9-93BA-4B8CC3D5CFC3}.Profiler|x86.Build.0 = Debug|Win32
		{2F6604D1-7752-43A9-93BA-4B8CC3D5CFC3}.Release|x86.ActiveCfg = Release|Win32
		{2F6604D1-7752-43A9-93BA-4B8CC3D5CFC3}.Release|x86.Build.0 = Release|Win32
		{2F6604D1-7752-43A9-93BA-4B8CC3D5CFC3}.ReleaseDebug|x86.ActiveCfg = ReleaseDebug|Win32
		{2F6604D1-7752-43A9-93BA-4B8CC3D5CFC3}.ReleaseDebug|x86.Build.0 = ReleaseDebug|Win32
		{2F6604D1-7752-43A9-93BA-4B8CC3D5CFC3}.ReleaseDll|x86.ActiveCfg = ReleaseDebug|Win32
		{2F6604D1-7752-43A9-93BA-4B8CC3D5CFC3}.ReleaseDll|x86.Build.0 = ReleaseDebug|Win32
		{2F6604D1-7752-43A9-93BA-4B8CC3D5CFC3}.Template|x86.ActiveCfg = Template|Win32
		{2F6604D1-7752-43A9-93BA-4B8CC3D5CFC3}.Template|x86.Build.0 = Template|Win32
		{355B71A7-8B5E-413D-ABD8-F0C57A7FAAB5}.BetaRelease|x86.ActiveCfg = BetaRelease|Win32
		{355B71A7-8B5E-413D-ABD8-F0C57A7FAAB5}.BetaRelease|x86.Build.0 = BetaRelease|Win32
		{355B71A7-8B5E-413D-ABD8-F0C57A7FAAB5}.Debug|x86.ActiveCfg = Debug|Win32
		{355B71A7-8B5E-413D-ABD8-F0C57A7FAAB5}.Debug|x86.Build.0 = Debug|Win32
		{355B71A7-8B5E-413D-ABD8-F0C57A7FAAB5}.FastDebug|x86.ActiveCfg = FastDebug|Win32
		{355B71A7-8B5E-413D-ABD8-F0C57A7FAAB5}.FastDebug|x86.Build.0 = FastDebug|Win32
		{355B71A7-8B5E-413D-ABD8-F0C57A7FAAB5}.Profiler|x86.ActiveCfg = Profiler|Win32
		{355B71A7-8B5E-413D-ABD8-F0C57A7FAAB5}.Profiler|x86.Build.0 = Profiler|Win32
		{355B71A7-8B5E-413D-ABD8-F0C57A7FAAB5}.Release|x86.ActiveCfg = Release|Win32
		{355B71A7-8B5E-413D-ABD8-F0C57A7FAAB5}.Release|x86.Build.0 = Release|Win32
		{355B71A7-8B5E-413D-ABD8-F0C57A7FAAB5}.ReleaseDebug|x86.ActiveCfg = Release|Win32
		{355B71A7-8B5E-413D-ABD8-F0C57A7FAAB5}.ReleaseDebug|x86.Build.0 = Release|Win32
		{355B71A7-8B5E-413D-ABD8-F0C57A7FAAB5}.ReleaseDll|x86.ActiveCfg = Release|Win32
		{355B71A7-8B5E-413D-ABD8-F0C57A7FAAB5}.ReleaseDll|x86.Build.0 = Release|Win32
		{355B71A7-8B5E-413D-ABD8-F0C57A7FAAB5}.Template|x86.ActiveCfg = Template|Win32
		{355B71A7-8B5E-413D-ABD8-F0C57A7FAAB5}.Template|x86.Build.0 = Template|Win32
		{131D326E-EA83-4CAA-B33D-EE67A458FC38}.BetaRelease|x86.ActiveCfg = BetaRelease|Win32
		{131D326E-EA83-4CAA-B33D-EE67A458FC38}.BetaRelease|x86.Build.0 = BetaRelease|Win32
		{131D326E-EA83-4CAA-B33D-EE67A458FC38}.Debug|x86.ActiveCfg = Debug|Win32
		{131D326E-EA83-4CAA-B33D-EE67A458FC38}.Debug|x86.Build.0 = Debug|Win32
		{131D326E-EA83-4CAA-B33D-EE67A458FC38}.FastDebug|x86.ActiveCfg = FastDebug|Win32
		{131D326E-EA83-4CAA-B33D-EE67A458FC38}.FastDebug|x86.Build.0 = FastDebug|Win32
		{131D326E-EA83-4CAA-B33D-EE67A458FC38}.Profiler|x86.ActiveCfg = Profiler|Win32
		{131D326E-EA83-4CAA-B33D-EE67A458FC38}.Profiler|x86.Build.0 = Profiler|Win32
		{131D326E-EA83-4CAA-B33D-EE67A458FC38}.Release|x86.ActiveCfg = Release|Win32
		{131D326E-EA83-4CAA-B33D-EE67A458FC38}.Release|x86.Build.0 = Release|Win32
		{131D326E-EA83-4CAA-B33D-EE67A458FC38}.ReleaseDebug|x86.ActiveCfg = Release|Win32
		{131D326E-EA83-4CAA-B33D-EE67A458FC38}.ReleaseDebug|x86.Build.0 = Release|Win32
		{131D326E-EA83-4CAA-B33D-EE67A458FC38}.ReleaseDll|x86.ActiveCfg = Release|Win32
		{131D326E-EA83-4CAA-B33D-EE67A458FC38}.ReleaseDll|x86.Build.0 = Release|Win32
		{131D326E-EA83-4CAA-B33D-EE67A458FC38}.Template|x86.ActiveCfg = Template|Win32
		{131D326E-EA83-4CAA-B33D-EE67A458FC38}.Template|x86.Build.0 = Template|Win32
		{2AB154E2-1BB7-41E2-8F37-0AE351515A97}.BetaRelease|x86.ActiveCfg = BetaRelease|Win32
		{2AB154E2-1BB7-41E2-8F37-0AE351515A97}.BetaRelease|x86.Build.0 = BetaRelease|Win32
		{2AB154E2-1BB7-41E2-8F37-0AE351515A97}.Debug|x86.ActiveCfg = Debug|Win32
		{2AB154E2-1BB7-41E2-8F37-0AE351515A97}.Debug|x86.Build.0 = Debug|Win32
		{2AB154E2-1BB7-41E2-8F37-0AE351515A97}.FastDebug|x86.ActiveCfg = FastDebug|Win32
		{2AB154E2-1BB7-41E2-8F37-0AE351515A97}.FastDebug|x86.Build.0 = FastDebug|Win32
		{2AB154E2-1BB7-41E2-8F37-0AE351515A97}.Profiler|x86.ActiveCfg = Profiler|Win32
		{2AB154E2-1BB7-41E2-8F37-0AE351515A97}.Profiler|x86.Build.0 = Profiler|Win32
		{2AB154E2-1BB7-41E2-8F37-0AE351515A97}.Release|x86.ActiveCfg = Release|Win32
		{2AB154E2-1BB7-41E2-8F37-0AE351515A97}.Release|x86.Build.0 = Release|Win32
		{2AB154E2-1BB7-41E2-8F37-0AE351515A97}.ReleaseDebug|x86.ActiveCfg = Release|Win32
		{2AB154E2-1BB7-41E2-8F37-0AE351515A97}.ReleaseDebug|x86.Build.0 = Release|Win32
		{2AB154E2-1BB7-41E2-8F37-0AE351515A97}.ReleaseDll|x86.ActiveCfg = Release|Win32
		{2AB154E2-1BB7-41E2-8F37-0AE351515A97}.ReleaseDll|x86.Build.0 = Release|Win32
		{2AB154E2-1BB7-41E2-8F37-0AE351515A97}.Template|x86.ActiveCfg = Template|Win32
		{2AB154E2-1BB7-41E2-8F37-0AE351515A97}.Template|x86.Build.0 = Template|Win32
		{07EF189B-93B0-4D5F-9ED2-C25509E0ADA8}.BetaRelease|x86.ActiveCfg = BetaRelease|Win32
		{07EF189B-93B0-4D5F-9ED2-C25509E0ADA8}.BetaRelease|x86.Build.0 = BetaRelease|Win32
		{07EF189B-93B0-4D5F-9ED2-C25509E0ADA8}.Debug|x86.ActiveCfg = Debug|Win32
		{07EF189B-93B0-4D5F-9ED2-C25509E0ADA8}.Debug|x86.Build.0 = Debug|Win32
		{07EF189B-93B0-4D5F-9ED2-C25509E0ADA8}.FastDebug|x86.ActiveCfg = FastDebug|Win32
		{07EF189B-93B0-4D5F-9ED2-C25509E0ADA8}.FastDebug|x86.Build.0 = FastDebug|Win32
		{07EF189B-93B0-4D5F-9ED2-C25509E0ADA8}.Profiler|x86.ActiveCfg = Profiler|Win32
		{07EF189B-93B0-4D5F-9ED2-C25509E0ADA8}.Profiler|x86.Build.0 = Profiler|Win32
		{07EF189B-93B0-4D5F-9ED2-C25509E0ADA8}.Release|x86.ActiveCfg = Release|Win32
		{07EF189B-93B0-4D5F-9ED2-C25509E0ADA8}.Release|x86.Build.0 = Release|Win32
		{07EF189B-93B0-4D5F-9ED2-C25509E0ADA8}.ReleaseDebug|x86.ActiveCfg = Release|Win32
		{07EF189B-93B0-4D5F-9ED2-C25509E0ADA8}.ReleaseDebug|x86.Build.0 = Release|Win32
		{07EF189B-93B0-4D5F-9ED2-C25509E0ADA8}.ReleaseDll|x86.ActiveCfg = Release|Win32
		{07EF189B-93B0-4D5F-9ED2-C25509E0ADA8}.ReleaseDll|x86.Build.0 = Release|Win32
		{07EF189B-93B0-4D5F-9ED2-C25509E0ADA8}.Template|x86.ActiveCfg = Template|Win32
		{07EF189B-93B0-4D5F-9ED2-C25509E0ADA8}.Template|x86.Build.0 = Template|Win32
		{5C63C1B4-C8E5-4763-8E86-FFF1A9E755CA}.BetaRelease|x86.ActiveCfg = BetaRelease|Win32
		{5C63C1B4-C8E5-4763-8E86-FFF1A9E755CA}.BetaRelease|x86.Build.0 = BetaRelease|Win32
		{5C63C1B4-C8E5-4763-8E86-FFF1A9E755CA}.Debug|x86.ActiveCfg = Debug|Win32
		{5C63C1B4-C8E5-4763-8E86-FFF1A9E755CA}.Debug|x86.Build.0 = Debug|Win32
		{5C63C1B4-C8E5-4763-8E86-FFF1A9E755CA}.FastDebug|x86.ActiveCfg = FastDebug|Win32
		{5C63C1B4-C8E5-4763-8E86-FFF1A9E755CA}.FastDebug|x86.Build.0 = FastDebug|Win32
		{5C63C1B4-C8E5-4763-8E86-FFF1A9E755CA}.Profiler|x86.ActiveCfg = Profiler|Win32
		{5C63C1B4-C8E5-4763-8E86-FFF1A9E755CA}.Profiler|x86.Build.0 = Profiler|Win32
		{5C63C1B4-C8E5-4763-8E86-FFF1A9E755CA}.Release|x86.ActiveCfg = Release|Win32
		{5C63C1B4-C8E5-4763-8E86-FFF1A9E755CA}.Release|x86.Build.0 = Release|Win32
		{5C63C1B4-C8E5-4763-8E86-FFF1A9E755CA}.ReleaseDebug|x86.ActiveCfg = Release|Win32
		{5C63C1B4-C8E5-4763-8E86-FFF1A9E755CA}.ReleaseDebug|x86.Build.0 = Release|Win32
		{5C63C1B4-C8E5-4763-8E86-FFF1A9E755CA}.ReleaseDll|x86.ActiveCfg = Release|Win32
		{5C63C1B4-C8E5-4763-8E86-FFF1A9E755CA}.ReleaseDll|x86.Build.0 = Release|Win32
		{5C63C1B4-C8E5-4763-8E86-FFF1A9E755CA}.Template|x86.ActiveCfg = Template|Win32
		{5C63C1B4-C8E5-4763-8E86-FFF1A9E755CA}.Template|x86.Build.0 = Template|Win32
		{E1CD1BE1-0AE2-4F06-83AB-31D604F652CE}.BetaRelease|x86.ActiveCfg = BetaRelease|Win32
		{E1CD1BE1-0AE2-4F06-83AB-31D604F652CE}.BetaRelease|x86.Build.0 = BetaRelease|Win32
		{E1CD1BE1-0AE2-4F06-83AB-31D604F652CE}.Debug|x86.ActiveCfg = Debug|Win32
		{E1CD1BE1-0AE2-4F06-83AB-31D604F652CE}.Debug|x86.Build.0 = Debug|Win32
		{E1CD1BE1-0AE2-4F06-83AB-31D604F652CE}.FastDebug|x86.ActiveCfg = FastDebug|Win32
		{E1CD1BE1-0AE2-4F06-83AB-31D604F652CE}.FastDebug|x86.Build.0 = FastDebug|Win32
		{E1CD1BE1-0AE2-4F06-83AB-31D604F652CE}.Profiler|x86.ActiveCfg = Profiler|Win32
		{E1CD1BE1-0AE2-4F06-83AB-31D604F652CE}.Profiler|x86.Build.0 = Profiler|Win32
		{E1CD1BE1-0AE2-4F06-83AB-31D604F652CE}.Release|x86.ActiveCfg = Release|Win32
		{E1CD1BE1-0AE2-4F06-83AB-31D604F652CE}.Release|x86.Build.0 = Release|Win32
		{E1CD1BE1-0AE2-4F06-83AB-31D604F652CE}.ReleaseDebug|x86.ActiveCfg = Release|Win32
		{E1CD1BE1-0AE2-4F06-83AB-31D604F652CE}.ReleaseDebug|x86.Build.0 = Release|Win32
		{E1CD1BE1-0AE2-4F06-83AB-31D604F652CE}.ReleaseDll|x86.ActiveCfg = Release|Win32
		{E1CD1BE1-0AE2-4F06-83AB-31D604F652CE}.ReleaseDll|x86.Build.0 = Release|Win32
		{E1CD1BE1-0AE2-4F06-83AB-31D604F652CE}.Template|x86.ActiveCfg = Template|Win32
		{E1CD1BE1-0AE2-4F06-83AB-31D604F652CE}.Template|x86.Build.0 = Template|Win32
		{9F2448EE-8A34-4616-9EFD-2CDE22F4136E}.BetaRelease|x86.ActiveCfg = Release|Win32
		{9F2448EE-8A34-4616-9EFD-2CDE22F4136E}.BetaRelease|x86.Build.0 = Release|Win32
		{9F2448EE-8A34-4616-9EFD-2CDE22F4136E}.Debug|x86.ActiveCfg = Debug|Win32
		{9F2448EE-8A34-4616-9EFD-2CDE22F4136E}.Debug|x86.Build.0 = Debug|Win32
		{9F2448EE-8A34-4616-9EFD-2CDE22F4136E}.FastDebug|x86.ActiveCfg = Debug|Win32
		{9F2448EE-8A34-4616-9EFD-2CDE22F4136E}.FastDebug|x86.Build.0 = Debug|Win32
		{9F2448EE-8A34-4616-9EFD-2CDE22F4136E}.Profiler|x86.ActiveCfg = Debug|Win32
		{9F2448EE-8A34-4616-9EFD-2CDE22F4136E}.Profiler|x86.Build.0 = Debug|Win32
		{9F2448EE-8A34-4616-9EFD-2CDE22F4136E}.Release|x86.ActiveCfg = Release|Win32
		{9F2448EE-8A34-4616-9EFD-2CDE22F4136E}.Release|x86.Build.0 = Release|Win32
		{9F2448EE-8A34-4616-9EFD-2CDE22F4136E}.ReleaseDebug|x86.ActiveCfg = Release|Win32
		{9F2448EE-8A34-4616-9EFD-2CDE22F4136E}.ReleaseDebug|x86.Build.0 = Release|Win32
		{9F2448EE-8A34-4616-9EFD-2CDE22F4136E}.ReleaseDll|x86.ActiveCfg = Release|Win32
		{9F2448EE-8A34-4616-9EFD-2CDE22F4136E}.ReleaseDll|x86.Build.0 = Release|Win32
		{9F2448EE-8A34-4616-9EFD-2CDE22F4136E}.Template|x86.ActiveCfg = Template|Win32
		{9F2448EE-8A34-4616-9EFD-2CDE22F4136E}.Template|x86.Build.0 = Template|Win32
		{1F98A211-FA00-4223-AEC0-B857C3C0A20D}.BetaRelease|x86.ActiveCfg = BetaRelease|Win32
		{1F98A211-FA00-4223-AEC0-B857C3C0A20D}.BetaRelease|x86.Build.0 = BetaRelease|Win32
		{1F98A211-FA00-4223-AEC0-B857C3C0A20D}.Debug|x86.ActiveCfg = Debug|Win32
		{1F98A211-FA00-4223-AEC0-B857C3C0A20D}.Debug|x86.Build.0 = Debug|Win32
		{1F98A211-FA00-4223-AEC0-B857C3C0A20D}.FastDebug|x86.ActiveCfg = FastDebug|Win32
		{1F98A211-FA00-4223-AEC0-B857C3C0A20D}.FastDebug|x86.Build.0 = FastDebug|Win32
		{1F98A211-FA00-4223-AEC0-B857C3C0A20D}.Profiler|x86.ActiveCfg = Profiler|Win32
		{1F98A211-FA00-4223-AEC0-B857C3C0A20D}.Profiler|x86.Build.0 = Profiler|Win32
		{1F98A211-FA00-4223-AEC0-B857C3C0A20D}.Release|x86.ActiveCfg = Release|Win32
		{1F98A211-FA00-4223-AEC0-B857C3C0A20D}.Release|x86.Build.0 = Release|Win32
		{1F98A211-FA00-4223-AEC0-B857C3C0A20D}.ReleaseDebug|x86.ActiveCfg = Release|Win32
		{1F98A211-FA00-4223-AEC0-B857C3C0A20D}.ReleaseDebug|x86.Build.0 = Release|Win32
		{1F98A211-FA00-4223-AEC0-B857C3C0A20D}.ReleaseDll|x86.ActiveCfg = Release|Win32
		{1F98A211-FA00-4223-AEC0-B857C3C0A20D}.ReleaseDll|x86.Build.0 = Release|Win32
		{1F98A211-FA00-4223-AEC0-B857C3C0A20D}.Template|x86.ActiveCfg = Template|Win32
		{1F98A211-FA00-4223-AEC0-B857C3C0A20D}.Template|x86.Build.0 = Template|Win32
		{25BE6A78-14F8-4EAB-A4B3-C5EF5CF27EB4}.BetaRelease|x86.ActiveCfg = Release|Win32
		{25BE6A78-14F8-4EAB-A4B3-C5EF5CF27EB4}.BetaRelease|x86.Build.0 = Release|Win32
		{25BE6A78-14F8-4EAB-A4B3-C5EF5CF27EB4}.Debug|x86.ActiveCfg = Debug|Win32
		{25BE6A78-14F8-4EAB-A4B3-C5EF5CF27EB4}.Debug|x86.Build.0 = Debug|Win32
		{25BE6A78-14F8-4EAB-A4B3-C5EF5CF27EB4}.FastDebug|x86.ActiveCfg = Debug|Win32
		{25BE6A78-14F8-4EAB-A4B3-C5EF5CF27EB4}.FastDebug|x86.Build.0 = Debug|Win32
		{25BE6A78-14F8-4EAB-A4B3-C5EF5CF27EB4}.Profiler|x86.ActiveCfg = Debug|Win32
		{25BE6A78-14F8-4EAB-A4B3-C5EF5CF27EB4}.Profiler|x86.Build.0 = Debug|Win32
		{25BE6A78-14F8-4EAB-A4B3-C5EF5CF27EB4}.Release|x86.ActiveCfg = Release|Win32
		{25BE6A78-14F8-4EAB-A4B3-C5EF5CF27EB4}.Release|x86.Build.0 = Release|Win32
		{25BE6A78-14F8-4EAB-A4B3-C5EF5CF27EB4}.ReleaseDebug|x86.ActiveCfg = Release|Win32
		{25BE6A78-14F8-4EAB-A4B3-C5EF5CF27EB4}.ReleaseDebug|x86.Build.0 = Release|Win32
		{25BE6A78-14F8-4EAB-A4B3-C5EF5CF27EB4}.ReleaseDll|x86.ActiveCfg = Release|Win32
		{25BE6A78-14F8-4EAB-A4B3-C5EF5CF27EB4}.ReleaseDll|x86.Build.0 = Release|Win32
		{25BE6A78-14F8-4EAB-A4B3-C5EF5CF27EB4}.Template|x86.ActiveCfg = Template|Win32
		{25BE6A78-14F8-4EAB-A4B3-C5EF5CF27EB4}.Template|x86.Build.0 = Template|Win32
		{D90B8624-310F-408A-9314-B7FCE1FF8BC1}.BetaRelease|x86.ActiveCfg = BetaRelease|Win32
		{D90B8624-310F-408A-9314-B7FCE1FF8BC1}.BetaRelease|x86.Build.0 = BetaRelease|Win32
		{D90B8624-310F-408A-9314-B7FCE1FF8BC1}.Debug|x86.ActiveCfg = Debug|Win32
		{D90B8624-310F-408A-9314-B7FCE1FF8BC1}.Debug|x86.Build.0 = Debug|Win32
		{D90B8624-310F-408A-9314-B7FCE1FF8BC1}.FastDebug|x86.ActiveCfg = FastDebug|Win32
		{D90B8624-310F-408A-9314-B7FCE1FF8BC1}.FastDebug|x86.Build.0 = FastDebug|Win32
		{D90B8624-310F-408A-9314-B7FCE1FF8BC1}.Profiler|x86.ActiveCfg = Profiler|Win32
		{D90B8624-310F-408A-9314-B7FCE1FF8BC1}.Profiler|x86.Build.0 = Profiler|Win32
		{D90B8624-310F-408A-9314-B7FCE1FF8BC1}.Release|x86.ActiveCfg = Release|Win32
		{D90B8624-310F-408A-9314-B7FCE1FF8BC1}.Release|x86.Build.0 = Release|Win32
		{D90B8624-310F-408A-9314-B7FCE1FF8BC1}.ReleaseDebug|x86.ActiveCfg = Release|Win32
		{D90B8624-310F-408A-9314-B7FCE1FF8BC1}.ReleaseDebug|x86.Build.0 = Release|Win32
		{D90B8624-310F-408A-9314-B7FCE1FF8BC1}.ReleaseDll|x86.ActiveCfg = Release|Win32
		{D90B8624-310F-408A-9314-B7FCE1FF8BC1}.ReleaseDll|x86.Build.0 = Release|Win32
		{D90B8624-310F-408A-9314-B7FCE1FF8BC1}.Template|x86.ActiveCfg = Template|Win32
		{D90B8624-310F-408A-9314-B7FCE1FF8BC1}.Template|x86.Build.0 = Template|Win32
		{694383B0-B439-410D-8EF6-33A68BE48BE0}.BetaRelease|x86.ActiveCfg = BetaRelease|Win32
		{694383B0-B439-410D-8EF6-33A68BE48BE0}.BetaRelease|x86.Build.0 = BetaRelease|Win32
		{694383B0-B439-410D-8EF6-33A68BE48BE0}.Debug|x86.ActiveCfg = Debug|Win32
		{694383B0-B439-410D-8EF6-33A68BE48BE0}.Debug|x86.Build.0 = Debug|Win32
		{694383B0-B439-410D-8EF6-33A68BE48BE0}.FastDebug|x86.ActiveCfg = FastDebug|Win32
		{694383B0-B439-410D-8EF6-33A68BE48BE0}.FastDebug|x86.Build.0 = FastDebug|Win32
		{694383B0-B439-410D-8EF6-33A68BE48BE0}.Profiler|x86.ActiveCfg = Profiler|Win32
		{694383B0-B439-410D-8EF6-33A68BE48BE0}.Profiler|x86.Build.0 = Profiler|Win32
		{694383B0-B439-410D-8EF6-33A68BE48BE0}.Release|x86.ActiveCfg = Release|Win32
		{694383B0-B439-410D-8EF6-33A68BE48BE0}.Release|x86.Build.0 = Release|Win32
		{694383B0-B439-410D-8EF6-33A68BE48BE0}.ReleaseDebug|x86.ActiveCfg = Release|Win32
		{694383B0-B439-410D-8EF6-33A68BE48BE0}.ReleaseDebug|x86.Build.0 = Release|Win32
		{694383B0-B439-410D-8EF6-33A68BE48BE0}.ReleaseDll|x86.ActiveCfg = Release|Win32
		{694383B0-B439-410D-8EF6-33A68BE48BE0}.ReleaseDll|x86.Build.0 = Release|Win32
		{694383B0-B439-410D-8EF6-33A68BE48BE0}.Template|x86.ActiveCfg = Template|Win32
		{694383B0-B439-410D-8EF6-33A68BE48BE0}.Template|x86.Build.0 = Template|Win32
		{8A1C685A-63B8-4DE5-A40A-0E593CDE6803}.BetaRelease|x86.ActiveCfg = BetaRelease|Win32
		{8A1C685A-63B8-4DE5-A40A-0E593CDE6803}.BetaRelease|x86.Build.0 = BetaRelease|Win32
		{8A1C685A-63B8-4DE5-A40A-0E593CDE6803}.Debug|x86.ActiveCfg = Debug|Win32
		{8A1C685A-63B8-4DE5-A40A-0E593CDE6803}.Debug|x86.Build.0 = Debug|Win32
		{8A1C685A-63B8-4DE5-A40A-0E593CDE6803}.FastDebug|x86.ActiveCfg = FastDebug|Win32
		{8A1C685A-63B8-4DE5-A40A-0E593CDE6803}.FastDebug|x86.Build.0 = FastDebug|Win32
		{8A1C685A-63B8-4DE5-A40A-0E593CDE6803}.Profiler|x86.ActiveCfg = Profiler|Win32
		{8A1C685A-63B8-4DE5-A40A-0E593CDE6803}.Profiler|x86.Build.0 = Profiler|Win32
		{8A1C685A-63B8-4DE5-A40A-0E593CDE6803}.Release|x86.ActiveCfg = Release|Win32
		{8A1C685A-63B8-4DE5-A40A-0E593CDE6803}.Release|x86.Build.0 = Release|Win32
		{8A1C685A-63B8-4DE5-A40A-0E593CDE6803}.ReleaseDebug|x86.ActiveCfg = Release|Win32
		{8A1C685A-63B8-4DE5-A40A-0E593CDE6803}.ReleaseDebug|x86.Build.0 = Release|Win32
		{8A1C685A-63B8-4DE5-A40A-0E593CDE6803}.ReleaseDll|x86.ActiveCfg = Release|Win32
		{8A1C685A-63B8-4DE5-A40A-0E593CDE6803}.ReleaseDll|x86.Build.0 = Release|Win32
		{8A1C685A-63B8-4DE5-A40A-0E593CDE6803}.Template|x86.ActiveCfg = Template|Win32
		{8A1C685A-63B8-4DE5-A40A-0E593CDE6803}.Template|x86.Build.0 = Template|Win32
		{9D515202-B1A9-434B-803C-DA39F6A54EC4}.BetaRelease|x86.ActiveCfg = BetaRelease|Win32
		{9D515202-B1A9-434B-803C-DA39F6A54EC4}.BetaRelease|x86.Build.0 = BetaRelease|Win32
		{9D515202-B1A9-434B-803C-DA39F6A54EC4}.Debug|x86.ActiveCfg = Debug|Win32
		{9D515202-B1A9-434B-803C-DA39F6A54EC4}.Debug|x86.Build.0 = Debug|Win32
		{9D515202-B1A9-434B-803C-DA39F6A54EC4}.FastDebug|x86.ActiveCfg = FastDebug|Win32
		{9D515202-B1A9-434B-803C-DA39F6A54EC4}.FastDebug|x86.Build.0 = FastDebug|Win32
		{9D515202-B1A9-434B-803C-DA39F6A54EC4}.Profiler|x86.ActiveCfg = Profiler|Win32
		{9D515202-B1A9-434B-803C-DA39F6A54EC4}.Profiler|x86.Build.0 = Profiler|Win32
		{9D515202-B1A9-434B-803C-DA39F6A54EC4}.Release|x86.ActiveCfg = Release|Win32
		{9D515202-B1A9-434B-803C-DA39F6A54EC4}.Release|x86.Build.0 = Release|Win32
		{9D515202-B1A9-434B-803C-DA39F6A54EC4}.ReleaseDebug|x86.ActiveCfg = Release|Win32
		{9D515202-B1A9-434B-803C-DA39F6A54EC4}.ReleaseDebug|x86.Build.0 = Release|Win32
		{9D515202-B1A9-434B-803C-DA39F6A54EC4}.ReleaseDll|x86.ActiveCfg = Release|Win32
		{9D515202-B1A9-434B-803C-DA39F6A54EC4}.ReleaseDll|x86.Build.0 = Release|Win32
		{9D515202-B1A9-434B-803C-DA39F6A54EC4}.Template|x86.ActiveCfg = Template|Win32
		{9D515202-B1A9-434B-803C-DA39F6A54EC4}.Template|x86.Build.0 = Template|Win32
		{6F016230-2433-4BE3-978F-503C02DAB2DE}.BetaRelease|x86.ActiveCfg = BetaRelease|Win32
		{6F016230-2433-4BE3-978F-503C02DAB2DE}.BetaRelease|x86.Build.0 = BetaRelease|Win32
		{6F016230-2433-4BE3-978F-503C02DAB2DE}.Debug|x86.ActiveCfg = Debug|Win32
		{6F016230-2433-4BE3-978F-503C02DAB2DE}.Debug|x86.Build.0 = Debug|Win32
		{6F016230-2433-4BE3-978F-503C02DAB2DE}.FastDebug|x86.ActiveCfg = FastDebug|Win32
		{6F016230-2433-4BE3-978F-503C02DAB2DE}.FastDebug|x86.Build.0 = FastDebug|Win32
		{6F016230-2433-4BE3-978F-503C02DAB2DE}.Profiler|x86.ActiveCfg = Profiler|Win32
		{6F016230-2433-4BE3-978F-503C02DAB2DE}.Profiler|x86.Build.0 = Profiler|Win32
		{6F016230-2433-4BE3-978F-503C02DAB2DE}.Release|x86.ActiveCfg = Release|Win32
		{6F016230-2433-4BE3-978F-503C02DAB2DE}.Release|x86.Build.0 = Release|Win32
		{6F016230-2433-4BE3-978F-503C02DAB2DE}.ReleaseDebug|x86.ActiveCfg = Release|Win32
		{6F016230-2433-4BE3-978F-503C02DAB2DE}.ReleaseDebug|x86.Build.0 = Release|Win32
		{6F016230-2433-4BE3-978F-503C02DAB2DE}.ReleaseDll|x86.ActiveCfg = Release|Win32
		{6F016230-2433-4BE3-978F-503C02DAB2DE}.ReleaseDll|x86.Build.0 = Release|Win32
		{6F016230-2433-4BE3-978F-503C02DAB2DE}.Template|x86.ActiveCfg = Template|Win32
		{6F016230-2433-4BE3-978F-503C02DAB2DE}.Template|x86.Build.0 = Template|Win32
		{8A92E61A-FB3C-4CEA-8347-FC42BE552920}.BetaRelease|x86.ActiveCfg = Release|Win32
		{8A92E61A-FB3C-4CEA-8347-FC42BE552920}.BetaRelease|x86.Build.0 = Release|Win32
		{8A92E61A-FB3C-4CEA-8347-FC42BE552920}.Debug|x86.ActiveCfg = Debug|Win32
		{8A92E61A-FB3C-4CEA-8347-FC42BE552920}.Debug|x86.Build.0 = Debug|Win32
		{8A92E61A-FB3C-4CEA-8347-FC42BE552920}.FastDebug|x86.ActiveCfg = Debug|Win32
		{8A92E61A-FB3C-4CEA-8347-FC42BE552920}.FastDebug|x86.Build.0 = Debug|Win32
		{8A92E61A-FB3C-4CEA-8347-FC42BE552920}.Profiler|x86.ActiveCfg = Debug|Win32
		{8A92E61A-FB3C-4CEA-8347-FC42BE552920}.Profiler|x86.Build.0 = Debug|Win32
		{8A92E61A-FB3C-4CEA-8347-FC42BE552920}.Release|x86.ActiveCfg = Release|Win32
		{8A92E61A-FB3C-4CEA-8347-FC42BE552920}.Release|x86.Build.0 = Release|Win32
		{8A92E61A-FB3C-4CEA-8347-FC42BE552920}.ReleaseDebug|x86.ActiveCfg = Release|Win32
		{8A92E61A-FB3C-4CEA-8347-FC42BE552920}.ReleaseDebug|x86.Build.0 = Release|Win32
		{8A92E61A-FB3C-4CEA-8347-FC42BE552920}.ReleaseDll|x86.ActiveCfg = Release|Win32
		{8A92E61A-FB3C-4CEA-8347-FC42BE552920}.ReleaseDll|x86.Build.0 = Release|Win32
		{8A92E61A-FB3C-4CEA-8347-FC42BE552920}.Template|x86.ActiveCfg = Template|Win32
		{8A92E61A-FB3C-4CEA-8347-FC42BE552920}.Template|x86.Build.0 = Template|Win32
		{5EDE0822-E0B5-488C-93A0-967870B24B42}.BetaRelease|x86.ActiveCfg = BetaRelease|Win32
		{5EDE0822-E0B5-488C-93A0-967870B24B42}.BetaRelease|x86.Build.0 = BetaRelease|Win32
		{5EDE0822-E0B5-488C-93A0-967870B24B42}.Debug|x86.ActiveCfg = Debug|Win32
		{5EDE0822-E0B5-488C-93A0-967870B24B42}.Debug|x86.Build.0 = Debug|Win32
		{5EDE0822-E0B5-488C-93A0-967870B24B42}.FastDebug|x86.ActiveCfg = FastDebug|Win32
		{5EDE0822-E0B5-488C-93A0-967870B24B42}.FastDebug|x86.Build.0 = FastDebug|Win32
		{5EDE0822-E0B5-488C-93A0-967870B24B42}.Profiler|x86.ActiveCfg = Profiler|Win32
		{5EDE0822-E0B5-488C-93A0-967870B24B42}.Profiler|x86.Build.0 = Profiler|Win32
		{5EDE0822-E0B5-488C-93A0-967870B24B42}.Release|x86.ActiveCfg = Release|Win32
		{5EDE0822-E0B5-488C-93A0-967870B24B42}.Release|x86.Build.0 = Release|Win32
		{5EDE0822-E0B5-488C-93A0-967870B24B42}.ReleaseDebug|x86.ActiveCfg = Release|Win32
		{5EDE0822-E0B5-488C-93A0-967870B24B42}.ReleaseDebug|x86.Build.0 = Release|Win32
		{5EDE0822-E0B5-488C-93A0-967870B24B42}.ReleaseDll|x86.ActiveCfg = Release|Win32
		{5EDE0822-E0B5-488C-93A0-967870B24B42}.ReleaseDll|x86.Build.0 = Release|Win32
		{5EDE0822-E0B5-488C-93A0-967870B24B42}.Template|x86.ActiveCfg = Template|Win32
		{5EDE0822-E0B5-488C-93A0-967870B24B42}.Template|x86.Build.0 = Template|Win32
		{CAB31E32-D43E-4A0C-9EA1-4E13FE3E105B}.BetaRelease|x86.ActiveCfg = BetaRelease|Win32
		{CAB31E32-D43E-4A0C-9EA1-4E13FE3E105B}.BetaRelease|x86.Build.0 = BetaRelease|Win32
		{CAB31E32-D43E-4A0C-9EA1-4E13FE3E105B}.Debug|x86.ActiveCfg = Debug|Win32
		{CAB31E32-D43E-4A0C-9EA1-4E13FE3E105B}.Debug|x86.Build.0 = Debug|Win32
		{CAB31E32-D43E-4A0C-9EA1-4E13FE3E105B}.FastDebug|x86.ActiveCfg = FastDebug|Win32
		{CAB31E32-D43E-4A0C-9EA1-4E13FE3E105B}.FastDebug|x86.Build.0 = FastDebug|Win32
		{CAB31E32-D43E-4A0C-9EA1-4E13FE3E105B}.Profiler|x86.ActiveCfg = Profiler|Win32
		{CAB31E32-D43E-4A0C-9EA1-4E13FE3E105B}.Profiler|x86.Build.0 = Profiler|Win32
		{CAB31E32-D43E-4A0C-9EA1-4E13FE3E105B}.Release|x86.ActiveCfg = Release|Win32
		{CAB31E32-D43E-4A0C-9EA1-4E13FE3E105B}.Release|x86.Build.0 = Release|Win32
		{CAB31E32-D43E-4A0C-9EA1-4E13FE3E105B}.ReleaseDebug|x86.ActiveCfg = Release|Win32
		{CAB31E32-D43E-4A0C-9EA1-4E13FE3E105B}.ReleaseDebug|x86.Build.0 = Release|Win32
		{CAB31E32-D43E-4A0C-9EA1-4E13FE3E105B}.ReleaseDll|x86.ActiveCfg = Release|Win32
		{CAB31E32-D43E-4A0C-9EA1-4E13FE3E105B}.ReleaseDll|x86.Build.0 = Release|Win32
		{CAB31E32-D43E-4A0C-9EA1-4E13FE3E105B}.Template|x86.ActiveCfg = Template|Win32
		{CAB31E32-D43E-4A0C-9EA1-4E13FE3E105B}.Template|x86.Build.0 = Template|Win32
		{1117FABF-A2D6-4D58-B9B2-47631629D8A4}.BetaRelease|x86.ActiveCfg = BetaRelease|Win32
		{1117FABF-A2D6-4D58-B9B2-47631629D8A4}.BetaRelease|x86.Build.0 = BetaRelease|Win32
		{1117FABF-A2D6-4D58-B9B2-47631629D8A4}.Debug|x86.ActiveCfg = Debug|Win32
		{1117FABF-A2D6-4D58-B9B2-47631629D8A4}.Debug|x86.Build.0 = Debug|Win32
		{1117FABF-A2D6-4D58-B9B2-47631629D8A4}.FastDebug|x86.ActiveCfg = FastDebug|Win32
		{1117FABF-A2D6-4D58-B9B2-47631629D8A4}.FastDebug|x86.Build.0 = FastDebug|Win32
		{1117FABF-A2D6-4D58-B9B2-47631629D8A4}.Profiler|x86.ActiveCfg = Profiler|Win32
		{1117FABF-A2D6-4D58-B9B2-47631629D8A4}.Profiler|x86.Build.0 = Profiler|Win32
		{1117FABF-A2D6-4D58-B9B2-47631629D8A4}.Release|x86.ActiveCfg = Release|Win32
		{1117FABF-A2D6-4D58-B9B2-47631629D8A4}.Release|x86.Build.0 = Release|Win32
		{1117FABF-A2D6-4D58-B9B2-47631629D8A4}.ReleaseDebug|x86.ActiveCfg = Release|Win32
		{1117FABF-A2D6-4D58-B9B2-47631629D8A4}.ReleaseDebug|x86.Build.0 = Release|Win32
		{1117FABF-A2D6-4D58-B9B2-47631629D8A4}.ReleaseDll|x86.ActiveCfg = Release|Win32
		{1117FABF-A2D6-4D58-B9B2-47631629D8A4}.ReleaseDll|x86.Build.0 = Release|Win32
		{1117FABF-A2D6-4D58-B9B2-47631629D8A4}.Template|x86.ActiveCfg = Template|Win32
		{1117FABF-A2D6-4D58-B9B2-47631629D8A4}.Template|x86.Build.0 = Template|Win32
		{C19DC0A8-B4F3-48AC-9B58-E8D199F88C75}.BetaRelease|x86.ActiveCfg = Release|Win32
		{C19DC0A8-B4F3-48AC-9B58-E8D199F88C75}.BetaRelease|x86.Build.0 = Release|Win32
		{C19DC0A8-B4F3-48AC-9B58-E8D199F88C75}.Debug|x86.ActiveCfg = Debug|Win32
		{C19DC0A8-B4F3-48AC-9B58-E8D199F88C75}.Debug|x86.Build.0 = Debug|Win32
		{C19DC0A8-B4F3-48AC-9B58-E8D199F88C75}.FastDebug|x86.ActiveCfg = Debug|Win32
		{C19DC0A8-B4F3-48AC-9B58-E8D199F88C75}.FastDebug|x86.Build.0 = Debug|Win32
		{C19DC0A8-B4F3-48AC-9B58-E8D199F88C75}.Profiler|x86.ActiveCfg = Debug|Win32
		{C19DC0A8-B4F3-48AC-9B58-E8D199F88C75}.Profiler|x86.Build.0 = Debug|Win32
		{C19DC0A8-B4F3-48AC-9B58-E8D199F88C75}.Release|x86.ActiveCfg = Release|Win32
		{C19DC0A8-B4F3-48AC-9B58-E8D199F88C75}.Release|x86.Build.0 = Release|Win32
		{C19DC0A8-B4F3-48AC-9B58-E8D199F88C75}.ReleaseDebug|x86.ActiveCfg = Release|Win32
		{C19DC0A8-B4F3-48AC-9B58-E8D199F88C75}.ReleaseDebug|x86.Build.0 = Release|Win32
		{C19DC0A8-B4F3-48AC-9B58-E8D199F88C75}.ReleaseDll|x86.ActiveCfg = Release|Win32
		{C19DC0A8-B4F3-48AC-9B58-E8D199F88C75}.ReleaseDll|x86.Build.0 = Release|Win32
		{C19DC0A8-B4F3-48AC-9B58-E8D199F88C75}.Template|x86.ActiveCfg = Template|Win32
		{C19DC0A8-B4F3-48AC-9B58-E8D199F88C75}.Template|x86.Build.0 = Template|Win32
		{6BA635EC-36BC-4D5D-8995-78AC0A0E9684}.BetaRelease|x86.ActiveCfg = BetaRelease|Win32
		{6BA635EC-36BC-4D5D-8995-78AC0A0E9684}.BetaRelease|x86.Build.0 = BetaRelease|Win32
		{6BA635EC-36BC-4D5D-8995-78AC0A0E9684}.Debug|x86.ActiveCfg = Debug|Win32
		{6BA635EC-36BC-4D5D-8995-78AC0A0E9684}.Debug|x86.Build.0 = Debug|Win32
		{6BA635EC-36BC-4D5D-8995-78AC0A0E9684}.FastDebug|x86.ActiveCfg = FastDebug|Win32
		{6BA635EC-36BC-4D5D-8995-78AC0A0E9684}.FastDebug|x86.Build.0 = FastDebug|Win32
		{6BA635EC-36BC-4D5D-8995-78AC0A0E9684}.Profiler|x86.ActiveCfg = Profiler|Win32
		{6BA635EC-36BC-4D5D-8995-78AC0A0E9684}.Profiler|x86.Build.0 = Profiler|Win32
		{6BA635EC-36BC-4D5D-8995-78AC0A0E9684}.Release|x86.ActiveCfg = Release|Win32
		{6BA635EC-36BC-4D5D-8995-78AC0A0E9684}.Release|x86.Build.0 = Release|Win32
		{6BA635EC-36BC-4D5D-8995-78AC0A0E9684}.ReleaseDebug|x86.ActiveCfg = Release|Win32
		{6BA635EC-36BC-4D5D-8995-78AC0A0E9684}.ReleaseDebug|x86.Build.0 = Release|Win32
		{6BA635EC-36BC-4D5D-8995-78AC0A0E9684}.ReleaseDll|x86.ActiveCfg = Release|Win32
		{6BA635EC-36BC-4D5D-8995-78AC0A0E9684}.ReleaseDll|x86.Build.0 = Release|Win32
		{6BA635EC-36BC-4D5D-8995-78AC0A0E9684}.Template|x86.ActiveCfg = Template|Win32
		{6BA635EC-36BC-4D5D-8995-78AC0A0E9684}.Template|x86.Build.0 = Template|Win32
		{81EC2031-4F4E-4247-B9E7-4A8CE645D500}.BetaRelease|x86.ActiveCfg = BetaRelease|Win32
		{81EC2031-4F4E-4247-B9E7-4A8CE645D500}.BetaRelease|x86.Build.0 = BetaRelease|Win32
		{81EC2031-4F4E-4247-B9E7-4A8CE645D500}.Debug|x86.ActiveCfg = Debug|Win32
		{81EC2031-4F4E-4247-B9E7-4A8CE645D500}.Debug|x86.Build.0 = Debug|Win32
		{81EC2031-4F4E-4247-B9E7-4A8CE645D500}.FastDebug|x86.ActiveCfg = FastDebug|Win32
		{81EC2031-4F4E-4247-B9E7-4A8CE645D500}.FastDebug|x86.Build.0 = FastDebug|Win32
		{81EC2031-4F4E-4247-B9E7-4A8CE645D500}.Profiler|x86.ActiveCfg = Profiler|Win32
		{81EC2031-4F4E-4247-B9E7-4A8CE645D500}.Profiler|x86.Build.0 = Profiler|Win32
		{81EC2031-4F4E-4247-B9E7-4A8CE645D500}.Release|x86.ActiveCfg = Release|Win32
		{81EC2031-4F4E-4247-B9E7-4A8CE645D500}.Release|x86.Build.0 = Release|Win32
		{81EC2031-4F4E-4247-B9E7-4A8CE645D500}.ReleaseDebug|x86.ActiveCfg = Release|Win32
		{81EC2031-4F4E-4247-B9E7-4A8CE645D500}.ReleaseDebug|x86.Build.0 = Release|Win32
		{81EC2031-4F4E-4247-B9E7-4A8CE645D500}.ReleaseDll|x86.ActiveCfg = Release|Win32
		{81EC2031-4F4E-4247-B9E7-4A8CE645D500}.ReleaseDll|x86.Build.0 = Release|Win32
		{81EC2031-4F4E-4247-B9E7-4A8CE645D500}.Template|x86.ActiveCfg = Template|Win32
		{81EC2031-4F4E-4247-B9E7-4A8CE645D500}.Template|x86.Build.0 = Template|Win32
		{FC094CB3-9FED-444C-9E08-E66FF6948A4C}.BetaRelease|x86.ActiveCfg = BetaRelease|Win32
		{FC094CB3-9FED-444C-9E08-E66FF6948A4C}.BetaRelease|x86.Build.0 = BetaRelease|Win32
		{FC094CB3-9FED-444C-9E08-E66FF6948A4C}.Debug|x86.ActiveCfg = Debug|Win32
		{FC094CB3-9FED-444C-9E08-E66FF6948A4C}.Debug|x86.Build.0 = Debug|Win32
		{FC094CB3-9FED-444C-9E08-E66FF6948A4C}.FastDebug|x86.ActiveCfg = FastDebug|Win32
		{FC094CB3-9FED-444C-9E08-E66FF6948A4C}.FastDebug|x86.Build.0 = FastDebug|Win32
		{FC094CB3-9FED-444C-9E08-E66FF6948A4C}.Profiler|x86.ActiveCfg = Profiler|Win32
		{FC094CB3-9FED-444C-9E08-E66FF6948A4C}.Profiler|x86.Build.0 = Profiler|Win32
		{FC094CB3-9FED-444C-9E08-E66FF6948A4C}.Release|x86.ActiveCfg = Release|Win32
		{FC094CB3-9FED-444C-9E08-E66FF6948A4C}.Release|x86.Build.0 = Release|Win32
		{FC094CB3-9FED-444C-9E08-E66FF6948A4C}.ReleaseDebug|x86.ActiveCfg = Release|Win32
		{FC094CB3-9FED-444C-9E08-E66FF6948A4C}.ReleaseDebug|x86.Build.0 = Release|Win32
		{FC094CB3-9FED-444C-9E08-E66FF6948A4C}.ReleaseDll|x86.ActiveCfg = Release|Win32
		{FC094CB3-9FED-444C-9E08-E66FF6948A4C}.ReleaseDll|x86.Build.0 = Release|Win32
		{FC094CB3-9FED-444C-9E08-E66FF6948A4C}.Template|x86.ActiveCfg = Template|Win32
		{FC094CB3-9FED-444C-9E08-E66FF6948A4C}.Template|x86.Build.0 = Template|Win32
		{CBC7C00E-5D75-47B8-991E-3A3620BF2076}.BetaRelease|x86.ActiveCfg = BetaRelease|Win32
		{CBC7C00E-5D75-47B8-991E-3A3620BF2076}.BetaRelease|x86.Build.0 = BetaRelease|Win32
		{CBC7C00E-5D75-47B8-991E-3A3620BF2076}.Debug|x86.ActiveCfg = Debug|Win32
		{CBC7C00E-5D75-47B8-991E-3A3620BF2076}.Debug|x86.Build.0 = Debug|Win32
		{CBC7C00E-5D75-47B8-991E-3A3620BF2076}.FastDebug|x86.ActiveCfg = FastDebug|Win32
		{CBC7C00E-5D75-47B8-991E-3A3620BF2076}.FastDebug|x86.Build.0 = FastDebug|Win32
		{CBC7C00E-5D75-47B8-991E-3A3620BF2076}.Profiler|x86.ActiveCfg = Profiler|Win32
		{CBC7C00E-5D75-47B8-991E-3A3620BF2076}.Profiler|x86.Build.0 = Profiler|Win32
		{CBC7C00E-5D75-47B8-991E-3A3620BF2076}.Release|x86.ActiveCfg = Release|Win32
		{CBC7C00E-5D75-47B8-991E-3A3620BF2076}.Release|x86.Build.0 = Release|Win32
		{CBC7C00E-5D75-47B8-991E-3A3620BF2076}.ReleaseDebug|x86.ActiveCfg = Release|Win32
		{CBC7C00E-5D75-47B8-991E-3A3620BF2076}.ReleaseDebug|x86.Build.0 = Release|Win32
		{CBC7C00E-5D75-47B8-991E-3A3620BF2076}.ReleaseDll|x86.ActiveCfg = Release|Win32
		{CBC7C00E-5D75-47B8-991E-3A3620BF2076}.ReleaseDll|x86.Build.0 = Release|Win32
		{CBC7C00E-5D75-47B8-991E-3A3620BF2076}.Template|x86.ActiveCfg = Template|Win32
		{CBC7C00E-5D75-47B8-991E-3A3620BF2076}.Template|x86.Build.0 = Template|Win32
		{0BA6F5E4-8C31-4C35-AC20-8B1E9DD92CAD}.BetaRelease|x86.ActiveCfg = BetaRelease|Win32
		{0BA6F5E4-8C31-4C35-AC20-8B1E9DD92CAD}.BetaRelease|x86.Build.0 = BetaRelease|Win32
		{0BA6F5E4-8C31-4C35-AC20-8B1E9DD92CAD}.Debug|x86.ActiveCfg = Debug|Win32
		{0BA6F5E4-8C31-4C35-AC20-8B1E9DD92CAD}.Debug|x86.Build.0 = Debug|Win32
		{0BA6F5E4-8C31-4C35-AC20-8B1E9DD92CAD}.FastDebug|x86.ActiveCfg = FastDebug|Win32
		{0BA6F5E4-8C31-4C35-AC20-8B1E9DD92CAD}.FastDebug|x86.Build.0 = FastDebug|Win32
		{0BA6F5E4-8C31-4C35-AC20-8B1E9DD92CAD}.Profiler|x86.ActiveCfg = Profiler|Win32
		{0BA6F5E4-8C31-4C35-AC20-8B1E9DD92CAD}.Profiler|x86.Build.0 = Profiler|Win32
		{0BA6F5E4-8C31-4C35-AC20-8B1E9DD92CAD}.Release|x86.ActiveCfg = Release|Win32
		{0BA6F5E4-8C31-4C35-AC20-8B1E9DD92CAD}.Release|x86.Build.0 = Release|Win32
		{0BA6F5E4-8C31-4C35-AC20-8B1E9DD92CAD}.ReleaseDebug|x86.ActiveCfg = ReleaseDll|Win32
		{0BA6F5E4-8C31-4C35-AC20-8B1E9DD92CAD}.ReleaseDebug|x86.Build.0 = ReleaseDll|Win32
		{0BA6F5E4-8C31-4C35-AC20-8B1E9DD92CAD}.ReleaseDll|x86.ActiveCfg = ReleaseDll|Win32
		{0BA6F5E4-8C31-4C35-AC20-8B1E9DD92CAD}.ReleaseDll|x86.Build.0 = ReleaseDll|Win32
		{0BA6F5E4-8C31-4C35-AC20-8B1E9DD92CAD}.Template|x86.ActiveCfg = Template|Win32
		{0BA6F5E4-8C31-4C35-AC20-8B1E9DD92CAD}.Template|x86.Build.0 = Template|Win32
		{845D8E31-92BB-4D33-B2DF-DEBEFD3FD7FD}.BetaRelease|x86.ActiveCfg = Release|Win32
		{845D8E31-92BB-4D33-B2DF-DEBEFD3FD7FD}.BetaRelease|x86.Build.0 = Release|Win32
		{845D8E31-92BB-4D33-B2DF-DEBEFD3FD7FD}.Debug|x86.ActiveCfg = Debug|Win32
		{845D8E31-92BB-4D33-B2DF-DEBEFD3FD7FD}.Debug|x86.Build.0 = Debug|Win32
		{845D8E31-92BB-4D33-B2DF-DEBEFD3FD7FD}.FastDebug|x86.ActiveCfg = Debug|Win32
		{845D8E31-92BB-4D33-B2DF-DEBEFD3FD7FD}.FastDebug|x86.Build.0 = Debug|Win32
		{845D8E31-92BB-4D33-B2DF-DEBEFD3FD7FD}.Profiler|x86.ActiveCfg = Debug|Win32
		{845D8E31-92BB-4D33-B2DF-DEBEFD3FD7FD}.Profiler|x86.Build.0 = Debug|Win32
		{845D8E31-92BB-4D33-B2DF-DEBEFD3FD7FD}.Release|x86.ActiveCfg = Release|Win32
		{845D8E31-92BB-4D33-B2DF-DEBEFD3FD7FD}.Release|x86.Build.0 = Release|Win32
		{845D8E31-92BB-4D33-B2DF-DEBEFD3FD7FD}.ReleaseDebug|x86.ActiveCfg = Release|Win32
		{845D8E31-92BB-4D33-B2DF-DEBEFD3FD7FD}.ReleaseDebug|x86.Build.0 = Release|Win32
		{845D8E31-92BB-4D33-B2DF-DEBEFD3FD7FD}.ReleaseDll|x86.ActiveCfg = Release|Win32
		{845D8E31-92BB-4D33-B2DF-DEBEFD3FD7FD}.ReleaseDll|x86.Build.0 = Release|Win32
		{845D8E31-92BB-4D33-B2DF-DEBEFD3FD7FD}.Template|x86.ActiveCfg = Template|Win32
		{845D8E31-92BB-4D33-B2DF-DEBEFD3FD7FD}.Template|x86.Build.0 = Template|Win32
		{9BFB8B73-7063-44E5-A55B-40B34767E84D}.BetaRelease|x86.ActiveCfg = BetaRelease|Win32
		{9BFB8B73-7063-44E5-A55B-40B34767E84D}.BetaRelease|x86.Build.0 = BetaRelease|Win32
		{9BFB8B73-7063-44E5-A55B-40B34767E84D}.Debug|x86.ActiveCfg = Debug|Win32
		{9BFB8B73-7063-44E5-A55B-40B34767E84D}.Debug|x86.Build.0 = Debug|Win32
		{9BFB8B73-7063-44E5-A55B-40B34767E84D}.FastDebug|x86.ActiveCfg = FastDebug|Win32
		{9BFB8B73-7063-44E5-A55B-40B34767E84D}.FastDebug|x86.Build.0 = FastDebug|Win32
		{9BFB8B73-7063-44E5-A55B-40B34767E84D}.Profiler|x86.ActiveCfg = Profiler|Win32
		{9BFB8B73-7063-44E5-A55B-40B34767E84D}.Profiler|x86.Build.0 = Profiler|Win32
		{9BFB8B73-7063-44E5-A55B-40B34767E84D}.Release|x86.ActiveCfg = Release|Win32
		{9BFB8B73-7063-44E5-A55B-40B34767E84D}.Release|x86.Build.0 = Release|Win32
		{9BFB8B73-7063-44E5-A55B-40B34767E84D}.ReleaseDebug|x86.ActiveCfg = Release|Win32
		{9BFB8B73-7063-44E5-A55B-40B34767E84D}.ReleaseDebug|x86.Build.0 = Release|Win32
		{9BFB8B73-7063-44E5-A55B-40B34767E84D}.ReleaseDll|x86.ActiveCfg = Release|Win32
		{9BFB8B73-7063-44E5-A55B-40B34767E84D}.ReleaseDll|x86.Build.0 = Release|Win32
		{9BFB8B73-7063-44E5-A55B-40B34767E84D}.Template|x86.ActiveCfg = Template|Win32
		{9BFB8B73-7063-44E5-A55B-40B34767E84D}.Template|x86.Build.0 = Template|Win32
	EndGlobalSection
	GlobalSection(SolutionProperties) = preSolution
		HideSolutionNode = FALSE
	EndGlobalSection
	GlobalSection(ExtensibilityGlobals) = postSolution
		SolutionGuid = {8F1E4D01-E3FB-4CF2-B22E-12D7A8BF5746}
	EndGlobalSection
EndGlobal
